{
  "requires": true,
  "lockfileVersion": 1,
  "dependencies": {
    "@fullcalendar/common": {
      "version": "5.2.0",
      "resolved": "https://registry.npmjs.org/@fullcalendar/common/-/common-5.2.0.tgz",
      "integrity": "sha512-fh2Mp09lzIwlh3AJT5xw1r4jFKMOGRmdpmzJX+qvv3BJrg7P6ze4FLhoIpDRe13wmUpQuQEznk9pY99eFGxVXQ==",
      "requires": {
        "tslib": "^2.0.0"
      }
    },
    "tslib": {
      "version": "2.0.1",
      "resolved": "https://registry.npmjs.org/tslib/-/tslib-2.0.1.tgz",
      "integrity": "sha512-SgIkNheinmEBgx1IUNirK0TUD4X9yjjBRTqqjggWCU3pUEqIk3/Uwl3yRixYKT6WjQuGiwDv4NomL3wqRCj+CQ=="
    }
  }
}
